{
  "name": "gitbook",
  "version": "1.0.0",
  "lockfileVersion": 1,
  "requires": true,
  "dependencies": {
    "gitbook-plugin-ace": {
      "version": "0.3.2",
      "resolved": "https://registry.npmmirror.com/gitbook-plugin-ace/download/gitbook-plugin-ace-0.3.2.tgz",
      "integrity": "sha1-rzPwQ9g+8DFi3/KIDopvQkOx5Y8=",
      "requires": {
        "highlight.js": "^9.3.0",
        "html-escape": "^1.0.2"
      }
    },
    "gitbook-plugin-chapter-fold": {
      "version": "0.0.4",
      "resolved": "https://registry.npm.taobao.org/gitbook-plugin-chapter-fold/download/gitbook-plugin-chapter-fold-0.0.4.tgz",
      "integrity": "sha512-pszjq24KVV7sZFsaYE/3e3fA9zkdMiK4QVlfxvlOiuPpoEWuZb1BbpurZTla8aNjyqbE5ifK4BxwKlHvgcAlsg=="
    },
    "gitbook-plugin-custom-favicon": {
      "version": "0.0.4",
      "resolved": "http://registry.npm.taobao.org/gitbook-plugin-custom-favicon/download/gitbook-plugin-custom-favicon-0.0.4.tgz",
      "integrity": "sha1-y3NynUdYy3xsVk6O+wNdH24Irs8="
    },
    "gitbook-plugin-donate": {
      "version": "1.0.2",
      "resolved": "https://registry.npmmirror.com/gitbook-plugin-donate/download/gitbook-plugin-donate-1.0.2.tgz",
      "integrity": "sha1-telSLNaTFY4a/ueAtfATk/0yP2Q="
    },
    "gitbook-plugin-expandable-chapters-small": {
      "version": "0.1.7",
      "resolved": "https://registry.npmmirror.com/gitbook-plugin-expandable-chapters-small/download/gitbook-plugin-expandable-chapters-small-0.1.7.tgz",
      "integrity": "sha1-r8nll7aFEVb6ewAjH/irk/T+ukw="
    },
    "gitbook-plugin-hide-element": {
      "version": "0.0.4",
      "resolved": "https://registry.npmmirror.com/gitbook-plugin-hide-element/download/gitbook-plugin-hide-element-0.0.4.tgz",
      "integrity": "sha1-k6Pedq7r1TUmFZfSV/cYdvDR3DQ="
    },
    "gitbook-plugin-klipse": {
      "version": "1.2.0",
      "resolved": "https://registry.npmmirror.com/gitbook-plugin-klipse/download/gitbook-plugin-klipse-1.2.0.tgz",
      "integrity": "sha1-CscSgFl3GAohwCFUk2nAcrlBd58="
    },
    "gitbook-plugin-language-picker": {
      "version": "0.1.0",
      "resolved": "https://registry.npm.taobao.org/gitbook-plugin-language-picker/download/gitbook-plugin-language-picker-0.1.0.tgz",
      "integrity": "sha1-Ga6qCN6zlzRdtP1sm9t/Ba/wkT0="
    },
    "gitbook-plugin-multilingual-index": {
      "version": "0.1.1",
      "resolved": "https://registry.npmjs.org/gitbook-plugin-multilingual-index/-/gitbook-plugin-multilingual-index-0.1.1.tgz",
      "integrity": "sha1-Tl+9qROR2EfQIPSj1aRiiGTB0mY="
    },
    "gitbook-plugin-puml": {
      "version": "1.0.1",
      "resolved": "https://registry.npmmirror.com/gitbook-plugin-puml/download/gitbook-plugin-puml-1.0.1.tgz",
      "integrity": "sha1-iTDVS1HnV041LPCPbhVrqlDObRc=",
      "requires": {
        "plantuml-encoder": "1.2.3"
      },
      "dependencies": {
        "plantuml-encoder": {
          "version": "1.2.3",
          "resolved": "https://registry.nlark.com/plantuml-encoder/download/plantuml-encoder-1.2.3.tgz",
          "integrity": "sha1-yFFBEKoEoMDgHyI3TZEXgO1YVE0=",
          "requires": {
            "pako": "^0.2.7"
          }
        }
      }
    },
    "gitbook-plugin-sitemap2": {
      "version": "1.3.1",
      "resolved": "https://registry.npmjs.org/gitbook-plugin-sitemap2/-/gitbook-plugin-sitemap2-1.3.1.tgz",
      "integrity": "sha1-JJgEgQYBTtH2Hd0H+O3ufUoVJGE=",
      "requires": {
        "sitemap": "1.5.0"
      },
      "dependencies": {
        "sitemap": {
          "version": "1.5.0",
          "resolved": "https://registry.npmjs.org/sitemap/-/sitemap-1.5.0.tgz",
          "integrity": "sha1-RbPoib96XbDvvyxMb8sVbKh+EgE=",
          "requires": {
            "underscore": "^1.7.0",
            "url-join": "^0.0.1"
          }
        }
      }
    },
    "gitbook-plugin-tbfed-pagefooter": {
      "version": "0.0.1",
      "resolved": "https://registry.npmjs.org/gitbook-plugin-tbfed-pagefooter/-/gitbook-plugin-tbfed-pagefooter-0.0.1.tgz",
      "integrity": "sha1-Fu54QGLdhQQmTEd+h2X8ScQb7T0=",
      "requires": {
        "moment": "^2.10.6"
      }
    },
    "gitbook-plugin-terminal": {
      "version": "0.3.2",
      "resolved": "https://registry.npmmirror.com/gitbook-plugin-terminal/download/gitbook-plugin-terminal-0.3.2.tgz",
      "integrity": "sha1-yayn6v8aA1fK/UYnTziukA19ndc="
    },
    "gitbook-plugin-toggle-chapters": {
      "version": "0.0.3",
      "resolved": "https://registry.npm.taobao.org/gitbook-plugin-toggle-chapters/download/gitbook-plugin-toggle-chapters-0.0.3.tgz",
      "integrity": "sha512-JH9sPqsGnsF6iO2QetOPZUBTH6LUBomEx1npilZ5irIrfN8YBVXxsox72X13U3xEH0CupwWNVh+ivVKtnc8cLg=="
    },
    "gitbook-plugin-toggle-list": {
      "version": "0.0.3",
      "resolved": "https://registry.npm.taobao.org/gitbook-plugin-toggle-list/download/gitbook-plugin-toggle-list-0.0.3.tgz",
      "integrity": "sha512-Q/UAsRnogNXg8PyLLpu4B7BxCfGVR4p7uslUH6jYZE7dvb1CIkTI0wMcWI587U/AE/OMW7ibrdgj2VWpMxiODQ=="
    },
    "gitbook-plugin-versions-select": {
      "version": "0.1.1",
      "resolved": "https://registry.npmmirror.com/gitbook-plugin-versions-select/download/gitbook-plugin-versions-select-0.1.1.tgz",
      "integrity": "sha1-JyOtRpIkTdvHlUCg5EX0XuJJeQk="
    },
    "highlight.js": {
      "version": "9.18.5",
      "resolved": "https://registry.npmmirror.com/highlight.js/download/highlight.js-9.18.5.tgz",
      "integrity": "sha512-a5bFyofd/BHCX52/8i8uJkjr9DYwXIPnM/plwI6W7ezItLGqzt7X2G2nXuYSfsIJdkwwj/g9DG1LkcGJI/dDoA=="
    },
    "html-escape": {
      "version": "1.0.2",
      "resolved": "https://registry.npmmirror.com/html-escape/download/html-escape-1.0.2.tgz",
      "integrity": "sha1-X6eHwFaAkP4zLtWzz0qk9kZCGnQ="
    },
    "moment": {
      "version": "2.29.1",
      "resolved": "https://registry.npmjs.org/moment/-/moment-2.29.1.tgz",
      "integrity": "sha512-kHmoybcPV8Sqy59DwNDY3Jefr64lK/by/da0ViFcuA4DH0vQg5Q6Ze5VimxkfQNSC+Mls/Kx53s7TjP1RhFEDQ=="
    },
    "pako": {
      "version": "0.2.9",
      "resolved": "https://registry.nlark.com/pako/download/pako-0.2.9.tgz?cache=0&sync_timestamp=1627560125189&other_urls=https%3A%2F%2Fregistry.nlark.com%2Fpako%2Fdownload%2Fpako-0.2.9.tgz",
      "integrity": "sha1-8/dSL073gjSNqBYbrZ7P1Rv4OnU="
    },
    "plantuml-encoder": {
      "version": "1.4.0",
      "resolved": "https://registry.nlark.com/plantuml-encoder/download/plantuml-encoder-1.4.0.tgz",
      "integrity": "sha1-eJkwLPeF3pVr8aFn4VQg/u5Zdfc="
    },
    "sitemap": {
      "version": "1.13.0",
      "resolved": "https://registry.npmjs.org/sitemap/-/sitemap-1.13.0.tgz",
      "integrity": "sha1-Vpy+IYAgKSamKiZs094Jyc60P4M=",
      "requires": {
        "underscore": "^1.7.0",
        "url-join": "^1.1.0"
      },
      "dependencies": {
        "url-join": {
          "version": "1.1.0",
          "resolved": "https://registry.npmjs.org/url-join/-/url-join-1.1.0.tgz",
          "integrity": "sha1-dBxsL0WWxIMNZxhGCSDQySIC3Hg="
        }
      }
    },
    "underscore": {
      "version": "1.13.2",
      "resolved": "https://registry.npmjs.org/underscore/-/underscore-1.13.2.tgz",
      "integrity": "sha512-ekY1NhRzq0B08g4bGuX4wd2jZx5GnKz6mKSqFL4nqBlfyMGiG10gDFhDTMEfYmDL6Jy0FUIZp7wiRB+0BP7J2g=="
    },
    "url-join": {
      "version": "0.0.1",
      "resolved": "https://registry.npmjs.org/url-join/-/url-join-0.0.1.tgz",
      "integrity": "sha1-HbSK1CLTQCRpqH99l73r/k+x48g="
    }
  }
}
