{
  "requires": true,
  "lockfileVersion": 1,
  "dependencies": {
    "asap": {
      "version": "2.0.6",
      "resolved": "https://registry.npmjs.org/asap/-/asap-2.0.6.tgz",
      "integrity": "sha1-5QNHYR1+aQlDIIu9r+vLwvuGbUY="
    },
    "core-js": {
      "version": "1.2.7",
      "resolved": "https://registry.npmjs.org/core-js/-/core-js-1.2.7.tgz",
      "integrity": "sha1-ZSKUwUZR2yj6k70tX/KYOk8IxjY="
    },
    "create-react-class": {
      "version": "15.7.0",
      "resolved": "https://registry.npmjs.org/create-react-class/-/create-react-class-15.7.0.tgz",
      "integrity": "sha512-QZv4sFWG9S5RUvkTYWbflxeZX+JG7Cz0Tn33rQBJ+WFQTqTfUTjMjiv9tnfXazjsO5r0KhPs+AqCjyrQX6h2ng==",
      "requires": {
        "loose-envify": "^1.3.1",
        "object-assign": "^4.1.1"
      }
    },
    "encoding": {
      "version": "0.1.13",
      "resolved": "https://registry.npmjs.org/encoding/-/encoding-0.1.13.tgz",
      "integrity": "sha512-ETBauow1T35Y/WZMkio9jiM0Z5xjHHmJ4XmjZOq1l/dXz3lr2sRn87nJy20RupqSh1F2m3HHPSp8ShIPQJrJ3A==",
      "requires": {
        "iconv-lite": "^0.6.2"
      }
    },
    "fbjs": {
      "version": "0.8.18",
      "resolved": "https://registry.npmjs.org/fbjs/-/fbjs-0.8.18.tgz",
      "integrity": "sha512-EQaWFK+fEPSoibjNy8IxUtaFOMXcWsY0JaVrQoZR9zC8N2Ygf9iDITPWjUTVIax95b6I742JFLqASHfsag/vKA==",
      "requires": {
        "core-js": "^1.0.0",
        "isomorphic-fetch": "^2.1.1",
        "loose-envify": "^1.0.0",
        "object-assign": "^4.1.0",
        "promise": "^7.1.1",
        "setimmediate": "^1.0.5",
        "ua-parser-js": "^0.7.30"
      }
    },
    "gitbook-plugin-chapter-fold": {
      "version": "https://registry.npm.taobao.org/gitbook-plugin-chapter-fold/download/gitbook-plugin-chapter-fold-0.0.4.tgz",
      "integrity": "sha512-pszjq24KVV7sZFsaYE/3e3fA9zkdMiK4QVlfxvlOiuPpoEWuZb1BbpurZTla8aNjyqbE5ifK4BxwKlHvgcAlsg=="
    },
    "gitbook-plugin-custom-favicon": {
      "version": "0.0.4",
      "resolved": "http://registry.npm.taobao.org/gitbook-plugin-custom-favicon/download/gitbook-plugin-custom-favicon-0.0.4.tgz",
      "integrity": "sha1-y3NynUdYy3xsVk6O+wNdH24Irs8="
    },
    "gitbook-plugin-folding-chapters-2": {
      "version": "0.1.2",
      "resolved": "https://registry.npmjs.org/gitbook-plugin-folding-chapters-2/-/gitbook-plugin-folding-chapters-2-0.1.2.tgz",
      "integrity": "sha512-5OMtd0iOPPrzkwRyj48TQVtU0UJ52/GYTRNGmdogxTqHqcMaAFOCE4OqnyC0vlAuDjhjrxXLo0TWvpLMsCk/Xw=="
    },
    "gitbook-plugin-language-picker": {
      "version": "0.1.0",
      "resolved": "https://registry.npm.taobao.org/gitbook-plugin-language-picker/download/gitbook-plugin-language-picker-0.1.0.tgz",
      "integrity": "sha1-Ga6qCN6zlzRdtP1sm9t/Ba/wkT0="
    },
    "gitbook-plugin-multilingual-index": {
      "version": "0.1.1",
      "resolved": "https://registry.npmjs.org/gitbook-plugin-multilingual-index/-/gitbook-plugin-multilingual-index-0.1.1.tgz",
      "integrity": "sha1-Tl+9qROR2EfQIPSj1aRiiGTB0mY="
    },
    "gitbook-plugin-sitemap": {
      "version": "https://registry.npm.taobao.org/gitbook-plugin-sitemap/download/gitbook-plugin-sitemap-1.2.0.tgz",
      "integrity": "sha512-PSJ2BuuNot5CczwzjSCIyRRtom87nPXuD4pEtuVUEg10D8ZBpT3r9+/el6XRzwf8gyC4Sf3QKqreD/ia/G5V4g==",
      "requires": {
        "sitemap": "1.5.0"
      },
      "dependencies": {
        "sitemap": {
          "version": "1.5.0",
          "resolved": "https://registry.npmjs.org/sitemap/-/sitemap-1.5.0.tgz",
          "integrity": "sha1-RbPoib96XbDvvyxMb8sVbKh+EgE=",
          "requires": {
            "underscore": "^1.7.0",
            "url-join": "^0.0.1"
          }
        }
      }
    },
    "gitbook-plugin-sitemap2": {
      "version": "1.3.1",
      "resolved": "https://registry.npmjs.org/gitbook-plugin-sitemap2/-/gitbook-plugin-sitemap2-1.3.1.tgz",
      "integrity": "sha1-JJgEgQYBTtH2Hd0H+O3ufUoVJGE=",
      "requires": {
        "sitemap": "1.5.0"
      },
      "dependencies": {
        "sitemap": {
          "version": "1.5.0",
          "resolved": "https://registry.npmjs.org/sitemap/-/sitemap-1.5.0.tgz",
          "integrity": "sha1-RbPoib96XbDvvyxMb8sVbKh+EgE=",
          "requires": {
            "underscore": "^1.7.0",
            "url-join": "^0.0.1"
          }
        }
      }
    },
    "gitbook-plugin-sitemap3": {
      "version": "https://registry.npm.taobao.org/gitbook-plugin-sitemap3/download/gitbook-plugin-sitemap3-0.0.2.tgz",
      "integrity": "sha512-Dx8O4x3lEdQD8u8kVFozpDcZ56EF/fImEftJ4/Dhek90PW0Ue23FyIHe6g1hWWGqQP+HLZiELCG9AJlZLv1Tng==",
      "requires": {
        "sitemap": "1.5.0"
      },
      "dependencies": {
        "sitemap": {
          "version": "1.5.0",
          "resolved": "https://registry.npmjs.org/sitemap/-/sitemap-1.5.0.tgz",
          "integrity": "sha1-RbPoib96XbDvvyxMb8sVbKh+EgE=",
          "requires": {
            "underscore": "^1.7.0",
            "url-join": "^0.0.1"
          }
        }
      }
    },
    "gitbook-plugin-theme-fexa-black": {
      "version": "0.2.8",
      "resolved": "https://registry.npmjs.org/gitbook-plugin-theme-fexa-black/-/gitbook-plugin-theme-fexa-black-0.2.8.tgz",
      "integrity": "sha512-wUc0rXUJWXRksFMjceJibey4k4hR7MDo3349FQTrDJ5sXFKi4sVnSmK0wOy4gZZ9EfJqUCLp+NR5IUm3wWaKeg=="
    },
    "gitbook-plugin-toggle-chapters": {
      "version": "https://registry.npm.taobao.org/gitbook-plugin-toggle-chapters/download/gitbook-plugin-toggle-chapters-0.0.3.tgz",
      "integrity": "sha512-JH9sPqsGnsF6iO2QetOPZUBTH6LUBomEx1npilZ5irIrfN8YBVXxsox72X13U3xEH0CupwWNVh+ivVKtnc8cLg=="
    },
    "gitbook-plugin-toggle-list": {
      "version": "https://registry.npm.taobao.org/gitbook-plugin-toggle-list/download/gitbook-plugin-toggle-list-0.0.3.tgz",
      "integrity": "sha512-Q/UAsRnogNXg8PyLLpu4B7BxCfGVR4p7uslUH6jYZE7dvb1CIkTI0wMcWI587U/AE/OMW7ibrdgj2VWpMxiODQ=="
    },
    "iconv-lite": {
      "version": "0.6.3",
      "resolved": "https://registry.npmjs.org/iconv-lite/-/iconv-lite-0.6.3.tgz",
      "integrity": "sha512-4fCk79wshMdzMp2rH06qWrJE4iolqLhCUH+OiuIgU++RB0+94NlDL81atO7GX55uUKueo0txHNtvEyI6D7WdMw==",
      "requires": {
        "safer-buffer": ">= 2.1.2 < 3.0.0"
      }
    },
    "is-stream": {
      "version": "1.1.0",
      "resolved": "https://registry.npmjs.org/is-stream/-/is-stream-1.1.0.tgz",
      "integrity": "sha1-EtSj3U5o4Lec6428hBc66A2RykQ="
    },
    "isomorphic-fetch": {
      "version": "2.2.1",
      "resolved": "https://registry.npmjs.org/isomorphic-fetch/-/isomorphic-fetch-2.2.1.tgz",
      "integrity": "sha1-YRrhrPFPXoH3KVB0coGf6XM1WKk=",
      "requires": {
        "node-fetch": "^1.0.1",
        "whatwg-fetch": ">=0.10.0"
      }
    },
    "js-tokens": {
      "version": "4.0.0",
      "resolved": "https://registry.npmjs.org/js-tokens/-/js-tokens-4.0.0.tgz",
      "integrity": "sha512-RdJUflcE3cUzKiMqQgsCu06FPu9UdIJO0beYbPhHN4k6apgJtifcoCtT9bcxOpYBtpD2kCM6Sbzg4CausW/PKQ=="
    },
    "loose-envify": {
      "version": "1.4.0",
      "resolved": "https://registry.npmjs.org/loose-envify/-/loose-envify-1.4.0.tgz",
      "integrity": "sha512-lyuxPGr/Wfhrlem2CL/UcnUc1zcqKAImBDzukY7Y5F/yQiNdko6+fRLevlw1HgMySw7f611UIY408EtxRSoK3Q==",
      "requires": {
        "js-tokens": "^3.0.0 || ^4.0.0"
      }
    },
    "node-fetch": {
      "version": "1.7.3",
      "resolved": "https://registry.npmjs.org/node-fetch/-/node-fetch-1.7.3.tgz",
      "integrity": "sha512-NhZ4CsKx7cYm2vSrBAr2PvFOe6sWDf0UYLRqA6svUYg7+/TSfVAu49jYC4BvQ4Sms9SZgdqGBgroqfDhJdTyKQ==",
      "requires": {
        "encoding": "^0.1.11",
        "is-stream": "^1.0.1"
      }
    },
    "object-assign": {
      "version": "4.1.1",
      "resolved": "https://registry.npmjs.org/object-assign/-/object-assign-4.1.1.tgz",
      "integrity": "sha1-IQmtx5ZYh8/AXLvUQsrIv7s2CGM="
    },
    "promise": {
      "version": "7.3.1",
      "resolved": "https://registry.npmjs.org/promise/-/promise-7.3.1.tgz",
      "integrity": "sha512-nolQXZ/4L+bP/UGlkfaIujX9BKxGwmQ9OT4mOt5yvy8iK1h3wqTEJCijzGANTCCl9nWjY41juyAn2K3Q1hLLTg==",
      "requires": {
        "asap": "~2.0.3"
      }
    },
    "prop-types": {
      "version": "15.8.0",
      "resolved": "https://registry.npmjs.org/prop-types/-/prop-types-15.8.0.tgz",
      "integrity": "sha512-fDGekdaHh65eI3lMi5OnErU6a8Ighg2KjcjQxO7m8VHyWjcPyj5kiOgV1LQDOOOgVy3+5FgjXvdSSX7B8/5/4g==",
      "requires": {
        "loose-envify": "^1.4.0",
        "object-assign": "^4.1.1",
        "react-is": "^16.13.1"
      }
    },
    "react": {
      "version": "15.7.0",
      "resolved": "https://registry.npmjs.org/react/-/react-15.7.0.tgz",
      "integrity": "sha512-5/MMRYmpmM0sMTHGLossnJCrmXQIiJilD6y3YN3TzAwGFj6zdnMtFv6xmi65PHKRV+pehIHpT7oy67Sr6s9AHA==",
      "requires": {
        "create-react-class": "^15.6.0",
        "fbjs": "^0.8.9",
        "loose-envify": "^1.1.0",
        "object-assign": "^4.1.0",
        "prop-types": "^15.5.10"
      }
    },
    "react-disqus-thread": {
      "version": "0.4.0",
      "resolved": "https://registry.npmjs.org/react-disqus-thread/-/react-disqus-thread-0.4.0.tgz",
      "integrity": "sha1-f9Y3hupQNPtd8l+s1/TEnRIErQM="
    },
    "react-is": {
      "version": "16.13.1",
      "resolved": "https://registry.npmjs.org/react-is/-/react-is-16.13.1.tgz",
      "integrity": "sha512-24e6ynE2H+OKt4kqsOvNd8kBpV65zoxbA4BVsEOB3ARVWQki/DHzaUoC5KuON/BiccDaCCTZBuOcfZs70kR8bQ=="
    },
    "safer-buffer": {
      "version": "2.1.2",
      "resolved": "https://registry.npmjs.org/safer-buffer/-/safer-buffer-2.1.2.tgz",
      "integrity": "sha512-YZo3K82SD7Riyi0E1EQPojLz7kpepnSQI9IyPbHHg1XXXevb5dJI7tpyN2ADxGcQbHG7vcyRHk0cbwqcQriUtg=="
    },
    "setimmediate": {
      "version": "1.0.5",
      "resolved": "https://registry.npmjs.org/setimmediate/-/setimmediate-1.0.5.tgz",
      "integrity": "sha1-KQy7Iy4waULX1+qbg3Mqt4VvgoU="
    },
    "sitemap": {
      "version": "1.13.0",
      "resolved": "https://registry.npmjs.org/sitemap/-/sitemap-1.13.0.tgz",
      "integrity": "sha1-Vpy+IYAgKSamKiZs094Jyc60P4M=",
      "requires": {
        "underscore": "^1.7.0",
        "url-join": "^1.1.0"
      },
      "dependencies": {
        "url-join": {
          "version": "1.1.0",
          "resolved": "https://registry.npmjs.org/url-join/-/url-join-1.1.0.tgz",
          "integrity": "sha1-dBxsL0WWxIMNZxhGCSDQySIC3Hg="
        }
      }
    },
    "ua-parser-js": {
      "version": "0.7.31",
      "resolved": "https://registry.npmjs.org/ua-parser-js/-/ua-parser-js-0.7.31.tgz",
      "integrity": "sha512-qLK/Xe9E2uzmYI3qLeOmI0tEOt+TBBQyUIAh4aAgU05FVYzeZrKUdkAZfBNVGRaHVgV0TDkdEngJSw/SyQchkQ=="
    },
    "underscore": {
      "version": "1.13.2",
      "resolved": "https://registry.npmjs.org/underscore/-/underscore-1.13.2.tgz",
      "integrity": "sha512-ekY1NhRzq0B08g4bGuX4wd2jZx5GnKz6mKSqFL4nqBlfyMGiG10gDFhDTMEfYmDL6Jy0FUIZp7wiRB+0BP7J2g=="
    },
    "url-join": {
      "version": "0.0.1",
      "resolved": "https://registry.npmjs.org/url-join/-/url-join-0.0.1.tgz",
      "integrity": "sha1-HbSK1CLTQCRpqH99l73r/k+x48g="
    },
    "whatwg-fetch": {
      "version": "3.6.2",
      "resolved": "https://registry.npmjs.org/whatwg-fetch/-/whatwg-fetch-3.6.2.tgz",
      "integrity": "sha512-bJlen0FcuU/0EMLrdbJ7zOnW6ITZLrZMIarMUVmdKtsGvZna8vxKYaexICWPfZ8qwf9fzNq+UEIZrnSaApt6RA=="
    }
  }
}
